
Microsoft Visual Studio Solution File, Format Version 12.00
Project("{2150E333-8FDC-42A3-9474-1A3956D46DE8}") = "Services", "Services", "{D9AAE5CD-13CD-4927-B1F8-4A7FCCAAB4B1}"
EndProject
Project("{2150E333-8FDC-42A3-9474-1A3956D46DE8}") = "Catalog", "Catalog", "{5BB05DDB-51D2-4022-AD25-9A529078AA26}"
EndProject
Project("{FAE04EC0-301F-11D3-BF4B-00C04F79EFBC}") = "Catalog.Api", "Services\Catalog\Catalog.Api\Catalog.Api.csproj", "{7B5D0119-B829-4780-880B-473E9927136F}"
EndProject
Global
	GlobalSection(SolutionConfigurationPlatforms) = preSolution
		Debug|Any CPU = Debug|Any CPU
		Release|Any CPU = Release|Any CPU
	EndGlobalSection
	GlobalSection(NestedProjects) = preSolution
		{5BB05DDB-51D2-4022-AD25-9A529078AA26} = {D9AAE5CD-13CD-4927-B1F8-4A7FCCAAB4B1}
		{7B5D0119-B829-4780-880B-473E9927136F} = {5BB05DDB-51D2-4022-AD25-9A529078AA26}
	EndGlobalSection
	GlobalSection(ProjectConfigurationPlatforms) = postSolution
		{7B5D0119-B829-4780-880B-473E9927136F}.Debug|Any CPU.ActiveCfg = Debug|Any CPU
		{7B5D0119-B829-4780-880B-473E9927136F}.Debug|Any CPU.Build.0 = Debug|Any CPU
		{7B5D0119-B829-4780-880B-473E9927136F}.Release|Any CPU.ActiveCfg = Release|Any CPU
		{7B5D0119-B829-4780-880B-473E9927136F}.Release|Any CPU.Build.0 = Release|Any CPU
	EndGlobalSection
EndGlobal
