
Microsoft Visual Studio Solution File, Format Version 12.00
# Visual Studio Version 16
VisualStudioVersion = 16.0.31613.86
MinimumVisualStudioVersion = 10.0.40219.1
Project("{2150E333-8FDC-42A3-9474-1A3956D46DE8}") = "Services", "Services", "{D9AAE5CD-13CD-4927-B1F8-4A7FCCAAB4B1}"
EndProject
Project("{2150E333-8FDC-42A3-9474-1A3956D46DE8}") = "Catalog", "Catalog", "{5BB05DDB-51D2-4022-AD25-9A529078AA26}"
EndProject
Project("{9A19103F-16F7-4668-BE54-9A1E7A4F7556}") = "Catalog.Api", "Services\Catalog\Catalog.Api\Catalog.Api.csproj", "{7B5D0119-B829-4780-880B-473E9927136F}"
EndProject
Project("{E53339B2-1760-4266-BCC7-CA923CBCF16C}") = "docker-compose", "docker-compose.dcproj", "{8A575398-3452-45AC-844D-4ACDFC83E142}"
EndProject
Project("{2150E333-8FDC-42A3-9474-1A3956D46DE8}") = "Basket", "Basket", "{81282546-BB22-4642-B04B-C94CBD9633DA}"
EndProject
Project("{9A19103F-16F7-4668-BE54-9A1E7A4F7556}") = "Basket.Api", "Services\Basket\Basket.Api\Basket.Api.csproj", "{412EC65E-BA27-4917-81FC-5C01B204C59B}"
EndProject
Project("{2150E333-8FDC-42A3-9474-1A3956D46DE8}") = "Discount", "Discount", "{926934EB-70FB-426A-8E48-D4C407F6F0C7}"
EndProject
Project("{9A19103F-16F7-4668-BE54-9A1E7A4F7556}") = "Discount.Api", "Services\Discount\Discount.Api\Discount.Api.csproj", "{FB4258AE-68F7-4228-8A4B-41F623CCF98F}"
EndProject
Project("{9A19103F-16F7-4668-BE54-9A1E7A4F7556}") = "Discount.Grpc", "Services\Discount\Discount.Grpc\Discount.Grpc.csproj", "{FB435AC8-FFE4-4C08-8397-A7CC3116A2D1}"
EndProject
Project("{2150E333-8FDC-42A3-9474-1A3956D46DE8}") = "Ordering", "Ordering", "{8D70E808-F341-43E5-97B1-938A948F4FF2}"
EndProject
Project("{9A19103F-16F7-4668-BE54-9A1E7A4F7556}") = "Ordering.API", "Services\Ordering\Ordering.API\Ordering.API.csproj", "{3ADCAB7C-D229-4A85-854D-844B83C8F88A}"
EndProject
Project("{FAE04EC0-301F-11D3-BF4B-00C04F79EFBC}") = "Ordering.Infrastructure", "Services\Ordering\Ordering.Infrastructure\Ordering.Infrastructure.csproj", "{9708B7C3-55BF-4DBC-9A04-95FBAEC72CFD}"
EndProject
Project("{FAE04EC0-301F-11D3-BF4B-00C04F79EFBC}") = "Ordering.Domains", "Services\Ordering\Ordering.Domains\Ordering.Domains.csproj", "{9A9BD1D6-CFCB-4D13-AFF9-F50596F03CB3}"
EndProject
Project("{FAE04EC0-301F-11D3-BF4B-00C04F79EFBC}") = "Ordering.Applications", "Services\Ordering\Ordering.Applications\Ordering.Applications.csproj", "{3DBF213C-511C-439D-BA90-06A1CBBFB941}"
EndProject
Global
	GlobalSection(SolutionConfigurationPlatforms) = preSolution
		Debug|Any CPU = Debug|Any CPU
		Release|Any CPU = Release|Any CPU
	EndGlobalSection
	GlobalSection(ProjectConfigurationPlatforms) = postSolution
		{7B5D0119-B829-4780-880B-473E9927136F}.Debug|Any CPU.ActiveCfg = Debug|Any CPU
		{7B5D0119-B829-4780-880B-473E9927136F}.Debug|Any CPU.Build.0 = Debug|Any CPU
		{7B5D0119-B829-4780-880B-473E9927136F}.Release|Any CPU.ActiveCfg = Release|Any CPU
		{7B5D0119-B829-4780-880B-473E9927136F}.Release|Any CPU.Build.0 = Release|Any CPU
		{8A575398-3452-45AC-844D-4ACDFC83E142}.Debug|Any CPU.ActiveCfg = Debug|Any CPU
		{8A575398-3452-45AC-844D-4ACDFC83E142}.Debug|Any CPU.Build.0 = Debug|Any CPU
		{8A575398-3452-45AC-844D-4ACDFC83E142}.Release|Any CPU.ActiveCfg = Release|Any CPU
		{8A575398-3452-45AC-844D-4ACDFC83E142}.Release|Any CPU.Build.0 = Release|Any CPU
		{412EC65E-BA27-4917-81FC-5C01B204C59B}.Debug|Any CPU.ActiveCfg = Debug|Any CPU
		{412EC65E-BA27-4917-81FC-5C01B204C59B}.Debug|Any CPU.Build.0 = Debug|Any CPU
		{412EC65E-BA27-4917-81FC-5C01B204C59B}.Release|Any CPU.ActiveCfg = Release|Any CPU
		{412EC65E-BA27-4917-81FC-5C01B204C59B}.Release|Any CPU.Build.0 = Release|Any CPU
		{FB4258AE-68F7-4228-8A4B-41F623CCF98F}.Debug|Any CPU.ActiveCfg = Debug|Any CPU
		{FB4258AE-68F7-4228-8A4B-41F623CCF98F}.Debug|Any CPU.Build.0 = Debug|Any CPU
		{FB4258AE-68F7-4228-8A4B-41F623CCF98F}.Release|Any CPU.ActiveCfg = Release|Any CPU
		{FB4258AE-68F7-4228-8A4B-41F623CCF98F}.Release|Any CPU.Build.0 = Release|Any CPU
		{FB435AC8-FFE4-4C08-8397-A7CC3116A2D1}.Debug|Any CPU.ActiveCfg = Debug|Any CPU
		{FB435AC8-FFE4-4C08-8397-A7CC3116A2D1}.Debug|Any CPU.Build.0 = Debug|Any CPU
		{FB435AC8-FFE4-4C08-8397-A7CC3116A2D1}.Release|Any CPU.ActiveCfg = Release|Any CPU
		{FB435AC8-FFE4-4C08-8397-A7CC3116A2D1}.Release|Any CPU.Build.0 = Release|Any CPU
		{3ADCAB7C-D229-4A85-854D-844B83C8F88A}.Debug|Any CPU.ActiveCfg = Debug|Any CPU
		{3ADCAB7C-D229-4A85-854D-844B83C8F88A}.Debug|Any CPU.Build.0 = Debug|Any CPU
		{3ADCAB7C-D229-4A85-854D-844B83C8F88A}.Release|Any CPU.ActiveCfg = Release|Any CPU
		{3ADCAB7C-D229-4A85-854D-844B83C8F88A}.Release|Any CPU.Build.0 = Release|Any CPU
		{9708B7C3-55BF-4DBC-9A04-95FBAEC72CFD}.Debug|Any CPU.ActiveCfg = Debug|Any CPU
		{9708B7C3-55BF-4DBC-9A04-95FBAEC72CFD}.Debug|Any CPU.Build.0 = Debug|Any CPU
		{9708B7C3-55BF-4DBC-9A04-95FBAEC72CFD}.Release|Any CPU.ActiveCfg = Release|Any CPU
		{9708B7C3-55BF-4DBC-9A04-95FBAEC72CFD}.Release|Any CPU.Build.0 = Release|Any CPU
		{9A9BD1D6-CFCB-4D13-AFF9-F50596F03CB3}.Debug|Any CPU.ActiveCfg = Debug|Any CPU
		{9A9BD1D6-CFCB-4D13-AFF9-F50596F03CB3}.Debug|Any CPU.Build.0 = Debug|Any CPU
		{9A9BD1D6-CFCB-4D13-AFF9-F50596F03CB3}.Release|Any CPU.ActiveCfg = Release|Any CPU
		{9A9BD1D6-CFCB-4D13-AFF9-F50596F03CB3}.Release|Any CPU.Build.0 = Release|Any CPU
		{3DBF213C-511C-439D-BA90-06A1CBBFB941}.Debug|Any CPU.ActiveCfg = Debug|Any CPU
		{3DBF213C-511C-439D-BA90-06A1CBBFB941}.Debug|Any CPU.Build.0 = Debug|Any CPU
		{3DBF213C-511C-439D-BA90-06A1CBBFB941}.Release|Any CPU.ActiveCfg = Release|Any CPU
		{3DBF213C-511C-439D-BA90-06A1CBBFB941}.Release|Any CPU.Build.0 = Release|Any CPU
	EndGlobalSection
	GlobalSection(SolutionProperties) = preSolution
		HideSolutionNode = FALSE
	EndGlobalSection
	GlobalSection(NestedProjects) = preSolution
		{5BB05DDB-51D2-4022-AD25-9A529078AA26} = {D9AAE5CD-13CD-4927-B1F8-4A7FCCAAB4B1}
		{7B5D0119-B829-4780-880B-473E9927136F} = {5BB05DDB-51D2-4022-AD25-9A529078AA26}
		{81282546-BB22-4642-B04B-C94CBD9633DA} = {D9AAE5CD-13CD-4927-B1F8-4A7FCCAAB4B1}
		{412EC65E-BA27-4917-81FC-5C01B204C59B} = {81282546-BB22-4642-B04B-C94CBD9633DA}
		{926934EB-70FB-426A-8E48-D4C407F6F0C7} = {D9AAE5CD-13CD-4927-B1F8-4A7FCCAAB4B1}
		{FB4258AE-68F7-4228-8A4B-41F623CCF98F} = {926934EB-70FB-426A-8E48-D4C407F6F0C7}
		{FB435AC8-FFE4-4C08-8397-A7CC3116A2D1} = {926934EB-70FB-426A-8E48-D4C407F6F0C7}
		{8D70E808-F341-43E5-97B1-938A948F4FF2} = {D9AAE5CD-13CD-4927-B1F8-4A7FCCAAB4B1}
		{3ADCAB7C-D229-4A85-854D-844B83C8F88A} = {8D70E808-F341-43E5-97B1-938A948F4FF2}
		{9708B7C3-55BF-4DBC-9A04-95FBAEC72CFD} = {8D70E808-F341-43E5-97B1-938A948F4FF2}
		{9A9BD1D6-CFCB-4D13-AFF9-F50596F03CB3} = {8D70E808-F341-43E5-97B1-938A948F4FF2}
		{3DBF213C-511C-439D-BA90-06A1CBBFB941} = {8D70E808-F341-43E5-97B1-938A948F4FF2}
	EndGlobalSection
	GlobalSection(ExtensibilityGlobals) = postSolution
		SolutionGuid = {5A4BD87A-DD6F-47CC-8095-D186417C3020}
	EndGlobalSection
EndGlobal
